
Microsoft Visual Studio Solution File, Format Version 12.00
# Visual Studio 2013
VisualStudioVersion = 12.0.30501.0
MinimumVisualStudioVersion = 10.0.40219.1
Project("{FAE04EC0-301F-11D3-BF4B-00C04F79EFBC}") = "FuelTracker", "FuelTracker\FuelTracker.csproj", "{E4626677-4286-4111-A489-837BF46041A0}"
EndProject
Project("{FAE04EC0-301F-11D3-BF4B-00C04F79EFBC}") = "FuelTrackerWebUI", "FuelTrackerWebUI\FuelTrackerWebUI.csproj", "{F2531FE4-D625-4DA2-BE29-06057CB2EAE0}"
EndProject
Project("{FAE04EC0-301F-11D3-BF4B-00C04F79EFBC}") = "FuelTrackerWebUI.Tests", "FuelTrackerWebUI.Tests\FuelTrackerWebUI.Tests.csproj", "{0592DECB-147B-4EA9-B8C4-6DCD61EA54A5}"
EndProject
Project("{FAE04EC0-301F-11D3-BF4B-00C04F79EFBC}") = "FuelTracker.Tests", "FuelTracker.Tests\FuelTracker.Tests.csproj", "{A7789837-6E25-47F5-BD91-64ED1DB3D33F}"
EndProject
Project("{FAE04EC0-301F-11D3-BF4B-00C04F79EFBC}") = "Common", "Common\Common.csproj", "{AF1F69F8-194E-411A-99C3-89C158254BF5}"
EndProject
Project("{FAE04EC0-301F-11D3-BF4B-00C04F79EFBC}") = "Common.Test", "Common.Test\Common.Test.csproj", "{F9371CFF-B76B-448A-8A33-A450D52928A4}"
EndProject
Global
	GlobalSection(SolutionConfigurationPlatforms) = preSolution
		Debug|Any CPU = Debug|Any CPU
		Release|Any CPU = Release|Any CPU
	EndGlobalSection
	GlobalSection(ProjectConfigurationPlatforms) = postSolution
		{E4626677-4286-4111-A489-837BF46041A0}.Debug|Any CPU.ActiveCfg = Debug|Any CPU
		{E4626677-4286-4111-A489-837BF46041A0}.Debug|Any CPU.Build.0 = Debug|Any CPU
		{E4626677-4286-4111-A489-837BF46041A0}.Release|Any CPU.ActiveCfg = Release|Any CPU
		{E4626677-4286-4111-A489-837BF46041A0}.Release|Any CPU.Build.0 = Release|Any CPU
		{F2531FE4-D625-4DA2-BE29-06057CB2EAE0}.Debug|Any CPU.ActiveCfg = Debug|Any CPU
		{F2531FE4-D625-4DA2-BE29-06057CB2EAE0}.Debug|Any CPU.Build.0 = Debug|Any CPU
		{F2531FE4-D625-4DA2-BE29-06057CB2EAE0}.Release|Any CPU.ActiveCfg = Release|Any CPU
		{F2531FE4-D625-4DA2-BE29-06057CB2EAE0}.Release|Any CPU.Build.0 = Release|Any CPU
		{0592DECB-147B-4EA9-B8C4-6DCD61EA54A5}.Debug|Any CPU.ActiveCfg = Debug|Any CPU
		{0592DECB-147B-4EA9-B8C4-6DCD61EA54A5}.Debug|Any CPU.Build.0 = Debug|Any CPU
		{0592DECB-147B-4EA9-B8C4-6DCD61EA54A5}.Release|Any CPU.ActiveCfg = Release|Any CPU
		{0592DECB-147B-4EA9-B8C4-6DCD61EA54A5}.Release|Any CPU.Build.0 = Release|Any CPU
		{A7789837-6E25-47F5-BD91-64ED1DB3D33F}.Debug|Any CPU.ActiveCfg = Debug|Any CPU
		{A7789837-6E25-47F5-BD91-64ED1DB3D33F}.Debug|Any CPU.Build.0 = Debug|Any CPU
		{A7789837-6E25-47F5-BD91-64ED1DB3D33F}.Release|Any CPU.ActiveCfg = Release|Any CPU
		{A7789837-6E25-47F5-BD91-64ED1DB3D33F}.Release|Any CPU.Build.0 = Release|Any CPU
		{AF1F69F8-194E-411A-99C3-89C158254BF5}.Debug|Any CPU.ActiveCfg = Debug|Any CPU
		{AF1F69F8-194E-411A-99C3-89C158254BF5}.Debug|Any CPU.Build.0 = Debug|Any CPU
		{AF1F69F8-194E-411A-99C3-89C158254BF5}.Release|Any CPU.ActiveCfg = Release|Any CPU
		{AF1F69F8-194E-411A-99C3-89C158254BF5}.Release|Any CPU.Build.0 = Release|Any CPU
		{F9371CFF-B76B-448A-8A33-A450D52928A4}.Debug|Any CPU.ActiveCfg = Debug|Any CPU
		{F9371CFF-B76B-448A-8A33-A450D52928A4}.Debug|Any CPU.Build.0 = Debug|Any CPU
		{F9371CFF-B76B-448A-8A33-A450D52928A4}.Release|Any CPU.ActiveCfg = Release|Any CPU
		{F9371CFF-B76B-448A-8A33-A450D52928A4}.Release|Any CPU.Build.0 = Release|Any CPU
	EndGlobalSection
	GlobalSection(SolutionProperties) = preSolution
		HideSolutionNode = FALSE
	EndGlobalSection
EndGlobal
